
Microsoft Visual Studio Solution File, Format Version 12.00
# Visual Studio 14
VisualStudioVersion = 14.0.25420.1
MinimumVisualStudioVersion = 10.0.40219.1
Project("{FAE04EC0-301F-11D3-BF4B-00C04F79EFBC}") = "Microsoft.Web.Administration", "Microsoft.Web.Administration\Microsoft.Web.Administration.csproj", "{BD24AFDA-292F-4F41-BA80-C48F21D4D9F2}"
EndProject
Project("{FAE04EC0-301F-11D3-BF4B-00C04F79EFBC}") = "Tests", "Tests\Tests.csproj", "{763C6B9C-29E4-4638-965B-7E49041A6B41}"
EndProject
Project("{FAE04EC0-301F-11D3-BF4B-00C04F79EFBC}") = "Tests.IIS", "Tests.IIS\Tests.IIS.csproj", "{4BB387EE-FE05-4215-AEA4-F7BECABBB9A9}"
EndProject
Global
	GlobalSection(SolutionConfigurationPlatforms) = preSolution
		Debug|Any CPU = Debug|Any CPU
		Release|Any CPU = Release|Any CPU
	EndGlobalSection
	GlobalSection(ProjectConfigurationPlatforms) = postSolution
		{BD24AFDA-292F-4F41-BA80-C48F21D4D9F2}.Debug|Any CPU.ActiveCfg = Debug|Any CPU
		{BD24AFDA-292F-4F41-BA80-C48F21D4D9F2}.Debug|Any CPU.Build.0 = Debug|Any CPU
		{BD24AFDA-292F-4F41-BA80-C48F21D4D9F2}.Release|Any CPU.ActiveCfg = Release|Any CPU
		{BD24AFDA-292F-4F41-BA80-C48F21D4D9F2}.Release|Any CPU.Build.0 = Release|Any CPU
		{763C6B9C-29E4-4638-965B-7E49041A6B41}.Debug|Any CPU.ActiveCfg = Debug|Any CPU
		{763C6B9C-29E4-4638-965B-7E49041A6B41}.Debug|Any CPU.Build.0 = Debug|Any CPU
		{763C6B9C-29E4-4638-965B-7E49041A6B41}.Release|Any CPU.ActiveCfg = Release|Any CPU
		{763C6B9C-29E4-4638-965B-7E49041A6B41}.Release|Any CPU.Build.0 = Release|Any CPU
		{4BB387EE-FE05-4215-AEA4-F7BECABBB9A9}.Debug|Any CPU.ActiveCfg = Debug|Any CPU
		{4BB387EE-FE05-4215-AEA4-F7BECABBB9A9}.Debug|Any CPU.Build.0 = Debug|Any CPU
		{4BB387EE-FE05-4215-AEA4-F7BECABBB9A9}.Release|Any CPU.ActiveCfg = Release|Any CPU
		{4BB387EE-FE05-4215-AEA4-F7BECABBB9A9}.Release|Any CPU.Build.0 = Release|Any CPU
	EndGlobalSection
	GlobalSection(SolutionProperties) = preSolution
		HideSolutionNode = FALSE
	EndGlobalSection
EndGlobal
